// !$*UTF8*$!
{
	archiveVersion = 1;
	classes = {
	};
	objectVersion = 46;
	objects = {

/* Begin PBXBuildFile section */
		50A28B841DC8D81C00CBA5C1 /* AppDelegate.swift in Sources */ = {isa = PBXBuildFile; fileRef = 50A28B831DC8D81C00CBA5C1 /* AppDelegate.swift */; };
		50A28B861DC8D81C00CBA5C1 /* ViewController.swift in Sources */ = {isa = PBXBuildFile; fileRef = 50A28B851DC8D81C00CBA5C1 /* ViewController.swift */; };
		50A28B891DC8D81C00CBA5C1 /* Main.storyboard in Resources */ = {isa = PBXBuildFile; fileRef = 50A28B871DC8D81C00CBA5C1 /* Main.storyboard */; };
		50A28B8C1DC8D81C00CBA5C1 /* ACRecorderDemo.xcdatamodeld in Sources */ = {isa = PBXBuildFile; fileRef = 50A28B8A1DC8D81C00CBA5C1 /* ACRecorderDemo.xcdatamodeld */; };
		50A28B8E1DC8D81C00CBA5C1 /* Assets.xcassets in Resources */ = {isa = PBXBuildFile; fileRef = 50A28B8D1DC8D81C00CBA5C1 /* Assets.xcassets */; };
		50A28B911DC8D81C00CBA5C1 /* LaunchScreen.storyboard in Resources */ = {isa = PBXBuildFile; fileRef = 50A28B8F1DC8D81C00CBA5C1 /* LaunchScreen.storyboard */; };
		50A28B9D1DC8EFDB00CBA5C1 /* SoundListViewController.swift in Sources */ = {isa = PBXBuildFile; fileRef = 50A28B9C1DC8EFDB00CBA5C1 /* SoundListViewController.swift */; };
		50EACF421DCA6A7500928182 /* ACSoundFileManager.swift in Sources */ = {isa = PBXBuildFile; fileRef = 50EACF411DCA6A7500928182 /* ACSoundFileManager.swift */; };
		50FCC56F1DCA0B1B007E7442 /* ACSoundItem.swift in Sources */ = {isa = PBXBuildFile; fileRef = 50FCC56E1DCA0B1B007E7442 /* ACSoundItem.swift */; };
		50FCC5751DCA49FE007E7442 /* SoundItemTableViewCell.swift in Sources */ = {isa = PBXBuildFile; fileRef = 50FCC5731DCA49FE007E7442 /* SoundItemTableViewCell.swift */; };
		50FCC5761DCA49FE007E7442 /* SoundItemTableViewCell.xib in Resources */ = {isa = PBXBuildFile; fileRef = 50FCC5741DCA49FE007E7442 /* SoundItemTableViewCell.xib */; };
		C592234BF6F52203555882FF /* libPods-ACRecorderDemo.a in Frameworks */ = {isa = PBXBuildFile; fileRef = 1C2391A2F3C84F240AC35840 /* libPods-ACRecorderDemo.a */; };
/* End PBXBuildFile section */

/* Begin PBXFileReference section */
		1C2391A2F3C84F240AC35840 /* libPods-ACRecorderDemo.a */ = {isa = PBXFileReference; explicitFileType = archive.ar; includeInIndex = 0; path = "libPods-ACRecorderDemo.a"; sourceTree = BUILT_PRODUCTS_DIR; };
		1CD130B8A546344630646B76 /* Pods-ACRecorderDemo.release.xcconfig */ = {isa = PBXFileReference; includeInIndex = 1; lastKnownFileType = text.xcconfig; name = "Pods-ACRecorderDemo.release.xcconfig"; path = "Pods/Target Support Files/Pods-ACRecorderDemo/Pods-ACRecorderDemo.release.xcconfig"; sourceTree = "<group>"; };
		50A28B801DC8D81C00CBA5C1 /* ACRecorderDemo.app */ = {isa = PBXFileReference; explicitFileType = wrapper.application; includeInIndex = 0; path = ACRecorderDemo.app; sourceTree = BUILT_PRODUCTS_DIR; };
		50A28B831DC8D81C00CBA5C1 /* AppDelegate.swift */ = {isa = PBXFileReference; lastKnownFileType = sourcecode.swift; path = AppDelegate.swift; sourceTree = "<group>"; };
		50A28B851DC8D81C00CBA5C1 /* ViewController.swift */ = {isa = PBXFileReference; lastKnownFileType = sourcecode.swift; path = ViewController.swift; sourceTree = "<group>"; };
		50A28B881DC8D81C00CBA5C1 /* Base */ = {isa = PBXFileReference; lastKnownFileType = file.storyboard; name = Base; path = Base.lproj/Main.storyboard; sourceTree = "<group>"; };
		50A28B8B1DC8D81C00CBA5C1 /* ACRecorderDemo.xcdatamodel */ = {isa = PBXFileReference; lastKnownFileType = wrapper.xcdatamodel; path = ACRecorderDemo.xcdatamodel; sourceTree = "<group>"; };
		50A28B8D1DC8D81C00CBA5C1 /* Assets.xcassets */ = {isa = PBXFileReference; lastKnownFileType = folder.assetcatalog; path = Assets.xcassets; sourceTree = "<group>"; };
		50A28B901DC8D81C00CBA5C1 /* Base */ = {isa = PBXFileReference; lastKnownFileType = file.storyboard; name = Base; path = Base.lproj/LaunchScreen.storyboard; sourceTree = "<group>"; };
		50A28B921DC8D81C00CBA5C1 /* Info.plist */ = {isa = PBXFileReference; lastKnownFileType = text.plist.xml; path = Info.plist; sourceTree = "<group>"; };
		50A28B9C1DC8EFDB00CBA5C1 /* SoundListViewController.swift */ = {isa = PBXFileReference; fileEncoding = 4; lastKnownFileType = sourcecode.swift; path = SoundListViewController.swift; sourceTree = "<group>"; };
		50EACF411DCA6A7500928182 /* ACSoundFileManager.swift */ = {isa = PBXFileReference; fileEncoding = 4; lastKnownFileType = sourcecode.swift; path = ACSoundFileManager.swift; sourceTree = "<group>"; };
		50FCC56E1DCA0B1B007E7442 /* ACSoundItem.swift */ = {isa = PBXFileReference; fileEncoding = 4; lastKnownFileType = sourcecode.swift; path = ACSoundItem.swift; sourceTree = "<group>"; };
		50FCC5731DCA49FE007E7442 /* SoundItemTableViewCell.swift */ = {isa = PBXFileReference; fileEncoding = 4; lastKnownFileType = sourcecode.swift; path = SoundItemTableViewCell.swift; sourceTree = "<group>"; };
		50FCC5741DCA49FE007E7442 /* SoundItemTableViewCell.xib */ = {isa = PBXFileReference; fileEncoding = 4; lastKnownFileType = file.xib; path = SoundItemTableViewCell.xib; sourceTree = "<group>"; };
		A7EB75DC1349415204B62A34 /* Pods-ACRecorderDemo.debug.xcconfig */ = {isa = PBXFileReference; includeInIndex = 1; lastKnownFileType = text.xcconfig; name = "Pods-ACRecorderDemo.debug.xcconfig"; path = "Pods/Target Support Files/Pods-ACRecorderDemo/Pods-ACRecorderDemo.debug.xcconfig"; sourceTree = "<group>"; };
/* End PBXFileReference section */

/* Begin PBXFrameworksBuildPhase section */
		50A28B7D1DC8D81C00CBA5C1 /* Frameworks */ = {
			isa = PBXFrameworksBuildPhase;
			buildActionMask = 2147483647;
			files = (
				C592234BF6F52203555882FF /* libPods-ACRecorderDemo.a in Frameworks */,
			);
			runOnlyForDeploymentPostprocessing = 0;
		};
/* End PBXFrameworksBuildPhase section */

/* Begin PBXGroup section */
		50A28B771DC8D81C00CBA5C1 = {
			isa = PBXGroup;
			children = (
				50A28B821DC8D81C00CBA5C1 /* ACRecorderDemo */,
				50A28B811DC8D81C00CBA5C1 /* Products */,
				688952DAA8ECB726B81AC336 /* Pods */,
				6D5196298577F76874D2EFE4 /* Frameworks */,
			);
			sourceTree = "<group>";
		};
		50A28B811DC8D81C00CBA5C1 /* Products */ = {
			isa = PBXGroup;
			children = (
				50A28B801DC8D81C00CBA5C1 /* ACRecorderDemo.app */,
			);
			name = Products;
			sourceTree = "<group>";
		};
		50A28B821DC8D81C00CBA5C1 /* ACRecorderDemo */ = {
			isa = PBXGroup;
			children = (
				50FCC5671DC9FA5B007E7442 /* model */,
				50FCC5701DCA3E33007E7442 /* view */,
				50EACF3F1DCA6A0C00928182 /* controller */,
				50EACF401DCA6A2F00928182 /* manager */,
				50A28B831DC8D81C00CBA5C1 /* AppDelegate.swift */,
				50A28B871DC8D81C00CBA5C1 /* Main.storyboard */,
				50A28B8F1DC8D81C00CBA5C1 /* LaunchScreen.storyboard */,
				50A28B8D1DC8D81C00CBA5C1 /* Assets.xcassets */,
				50A28B921DC8D81C00CBA5C1 /* Info.plist */,
				50A28B8A1DC8D81C00CBA5C1 /* ACRecorderDemo.xcdatamodeld */,
			);
			path = ACRecorderDemo;
			sourceTree = "<group>";
		};
		50EACF3F1DCA6A0C00928182 /* controller */ = {
			isa = PBXGroup;
			children = (
				50A28B851DC8D81C00CBA5C1 /* ViewController.swift */,
				50A28B9C1DC8EFDB00CBA5C1 /* SoundListViewController.swift */,
			);
			name = controller;
			sourceTree = "<group>";
		};
		50EACF401DCA6A2F00928182 /* manager */ = {
			isa = PBXGroup;
			children = (
				50EACF411DCA6A7500928182 /* ACSoundFileManager.swift */,
			);
			name = manager;
			sourceTree = "<group>";
		};
		50FCC5671DC9FA5B007E7442 /* model */ = {
			isa = PBXGroup;
			children = (
				50FCC56E1DCA0B1B007E7442 /* ACSoundItem.swift */,
			);
			name = model;
			sourceTree = "<group>";
		};
		50FCC5701DCA3E33007E7442 /* view */ = {
			isa = PBXGroup;
			children = (
				50FCC5731DCA49FE007E7442 /* SoundItemTableViewCell.swift */,
				50FCC5741DCA49FE007E7442 /* SoundItemTableViewCell.xib */,
			);
			name = view;
			sourceTree = "<group>";
		};
		688952DAA8ECB726B81AC336 /* Pods */ = {
			isa = PBXGroup;
			children = (
				A7EB75DC1349415204B62A34 /* Pods-ACRecorderDemo.debug.xcconfig */,
				1CD130B8A546344630646B76 /* Pods-ACRecorderDemo.release.xcconfig */,
			);
			name = Pods;
			sourceTree = "<group>";
		};
		6D5196298577F76874D2EFE4 /* Frameworks */ = {
			isa = PBXGroup;
			children = (
				1C2391A2F3C84F240AC35840 /* libPods-ACRecorderDemo.a */,
			);
			name = Frameworks;
			sourceTree = "<group>";
		};
/* End PBXGroup section */

/* Begin PBXNativeTarget section */
		50A28B7F1DC8D81C00CBA5C1 /* ACRecorderDemo */ = {
			isa = PBXNativeTarget;
			buildConfigurationList = 50A28B951DC8D81C00CBA5C1 /* Build configuration list for PBXNativeTarget "ACRecorderDemo" */;
			buildPhases = (
				0DF70BCB522578A98CC5ED2C /* [CP] Check Pods Manifest.lock */,
				50A28B7C1DC8D81C00CBA5C1 /* Sources */,
				50A28B7D1DC8D81C00CBA5C1 /* Frameworks */,
				50A28B7E1DC8D81C00CBA5C1 /* Resources */,
			);
			buildRules = (
			);
			dependencies = (
			);
			name = ACRecorderDemo;
			productName = ACRecorderDemo;
			productReference = 50A28B801DC8D81C00CBA5C1 /* ACRecorderDemo.app */;
			productType = "com.apple.product-type.application";
		};
/* End PBXNativeTarget section */

/* Begin PBXProject section */
		50A28B781DC8D81C00CBA5C1 /* Project object */ = {
			isa = PBXProject;
			attributes = {
				LastSwiftUpdateCheck = 0800;
				LastUpgradeCheck = 0940;
				ORGANIZATIONNAME = ACSoft;
				TargetAttributes = {
					50A28B7F1DC8D81C00CBA5C1 = {
						CreatedOnToolsVersion = 8.0;
						DevelopmentTeam = JYB7XJPHQS;
						LastSwiftMigration = 0940;
						ProvisioningStyle = Automatic;
					};
				};
			};
			buildConfigurationList = 50A28B7B1DC8D81C00CBA5C1 /* Build configuration list for PBXProject "ACRecorderDemo" */;
			compatibilityVersion = "Xcode 3.2";
			developmentRegion = English;
			hasScannedForEncodings = 0;
			knownRegions = (
				en,
				Base,
			);
			mainGroup = 50A28B771DC8D81C00CBA5C1;
			productRefGroup = 50A28B811DC8D81C00CBA5C1 /* Products */;
			projectDirPath = "";
			projectRoot = "";
			targets = (
				50A28B7F1DC8D81C00CBA5C1 /* ACRecorderDemo */,
			);
		};
/* End PBXProject section */

/* Begin PBXResourcesBuildPhase section */
		50A28B7E1DC8D81C00CBA5C1 /* Resources */ = {
			isa = PBXResourcesBuildPhase;
			buildActionMask = 2147483647;
			files = (
				50A28B911DC8D81C00CBA5C1 /* LaunchScreen.storyboard in Resources */,
				50A28B8E1DC8D81C00CBA5C1 /* Assets.xcassets in Resources */,
				50FCC5761DCA49FE007E7442 /* SoundItemTableViewCell.xib in Resources */,
				50A28B891DC8D81C00CBA5C1 /* Main.storyboard in Resources */,
			);
			runOnlyForDeploymentPostprocessing = 0;
		};
/* End PBXResourcesBuildPhase section */

/* Begin PBXShellScriptBuildPhase section */
		0DF70BCB522578A98CC5ED2C /* [CP] Check Pods Manifest.lock */ = {
			isa = PBXShellScriptBuildPhase;
			buildActionMask = 2147483647;
			files = (
			);
			inputPaths = (
				"${PODS_PODFILE_DIR_PATH}/Podfile.lock",
				"${PODS_ROOT}/Manifest.lock",
			);
			name = "[CP] Check Pods Manifest.lock";
			outputPaths = (
				"$(DERIVED_FILE_DIR)/Pods-ACRecorderDemo-checkManifestLockResult.txt",
			);
			runOnlyForDeploymentPostprocessing = 0;
			shellPath = /bin/sh;
			shellScript = "diff \"${PODS_PODFILE_DIR_PATH}/Podfile.lock\" \"${PODS_ROOT}/Manifest.lock\" > /dev/null\nif [ $? != 0 ] ; then\n    # print error to STDERR\n    echo \"error: The sandbox is not in sync with the Podfile.lock. Run 'pod install' or update your CocoaPods installation.\" >&2\n    exit 1\nfi\n# This output is used by Xcode 'outputs' to avoid re-running this script phase.\necho \"SUCCESS\" > \"${SCRIPT_OUTPUT_FILE_0}\"\n";
			showEnvVarsInLog = 0;
		};
/* End PBXShellScriptBuildPhase section */

/* Begin PBXSourcesBuildPhase section */
		50A28B7C1DC8D81C00CBA5C1 /* Sources */ = {
			isa = PBXSourcesBuildPhase;
			buildActionMask = 2147483647;
			files = (
				50A28B9D1DC8EFDB00CBA5C1 /* SoundListViewController.swift in Sources */,
				50A28B861DC8D81C00CBA5C1 /* ViewController.swift in Sources */,
				50EACF421DCA6A7500928182 /* ACSoundFileManager.swift in Sources */,
				50FCC5751DCA49FE007E7442 /* SoundItemTableViewCell.swift in Sources */,
				50A28B8C1DC8D81C00CBA5C1 /* ACRecorderDemo.xcdatamodeld in Sources */,
				50A28B841DC8D81C00CBA5C1 /* AppDelegate.swift in Sources */,
				50FCC56F1DCA0B1B007E7442 /* ACSoundItem.swift in Sources */,
			);
			runOnlyForDeploymentPostprocessing = 0;
		};
/* End PBXSourcesBuildPhase section */

/* Begin PBXVariantGroup section */
		50A28B871DC8D81C00CBA5C1 /* Main.storyboard */ = {
			isa = PBXVariantGroup;
			children = (
				50A28B881DC8D81C00CBA5C1 /* Base */,
			);
			name = Main.storyboard;
			sourceTree = "<group>";
		};
		50A28B8F1DC8D81C00CBA5C1 /* LaunchScreen.storyboard */ = {
			isa = PBXVariantGroup;
			children = (
				50A28B901DC8D81C00CBA5C1 /* Base */,
			);
			name = LaunchScreen.storyboard;
			sourceTree = "<group>";
		};
/* End PBXVariantGroup section */

/* Begin XCBuildConfiguration section */
		50A28B931DC8D81C00CBA5C1 /* Debug */ = {
			isa = XCBuildConfiguration;
			buildSettings = {
				ALWAYS_SEARCH_USER_PATHS = NO;
				CLANG_ANALYZER_NONNULL = YES;
				CLANG_CXX_LANGUAGE_STANDARD = "gnu++0x";
				CLANG_CXX_LIBRARY = "libc++";
				CLANG_ENABLE_MODULES = YES;
				CLANG_ENABLE_OBJC_ARC = YES;
				CLANG_WARN_BLOCK_CAPTURE_AUTORELEASING = YES;
				CLANG_WARN_BOOL_CONVERSION = YES;
				CLANG_WARN_COMMA = YES;
				CLANG_WARN_CONSTANT_CONVERSION = YES;
				CLANG_WARN_DEPRECATED_OBJC_IMPLEMENTATIONS = YES;
				CLANG_WARN_DIRECT_OBJC_ISA_USAGE = YES_ERROR;
				CLANG_WARN_DOCUMENTATION_COMMENTS = YES;
				CLANG_WARN_EMPTY_BODY = YES;
				CLANG_WARN_ENUM_CONVERSION = YES;
				CLANG_WARN_INFINITE_RECURSION = YES;
				CLANG_WARN_INT_CONVERSION = YES;
				CLANG_WARN_NON_LITERAL_NULL_CONVERSION = YES;
				CLANG_WARN_OBJC_IMPLICIT_RETAIN_SELF = YES;
				CLANG_WARN_OBJC_LITERAL_CONVERSION = YES;
				CLANG_WARN_OBJC_ROOT_CLASS = YES_ERROR;
				CLANG_WARN_RANGE_LOOP_ANALYSIS = YES;
				CLANG_WARN_STRICT_PROTOTYPES = YES;
				CLANG_WARN_SUSPICIOUS_MOVE = YES;
				CLANG_WARN_SUSPICIOUS_MOVES = YES;
				CLANG_WARN_UNREACHABLE_CODE = YES;
				CLANG_WARN__DUPLICATE_METHOD_MATCH = YES;
				"CODE_SIGN_IDENTITY[sdk=iphoneos*]" = "iPhone Developer";
				COPY_PHASE_STRIP = NO;
				DEBUG_INFORMATION_FORMAT = dwarf;
				ENABLE_STRICT_OBJC_MSGSEND = YES;
				ENABLE_TESTABILITY = YES;
				GCC_C_LANGUAGE_STANDARD = gnu99;
				GCC_DYNAMIC_NO_PIC = NO;
				GCC_NO_COMMON_BLOCKS = YES;
				GCC_OPTIMIZATION_LEVEL = 0;
				GCC_PREPROCESSOR_DEFINITIONS = (
					"DEBUG=1",
					"$(inherited)",
				);
				GCC_WARN_64_TO_32_BIT_CONVERSION = YES;
				GCC_WARN_ABOUT_RETURN_TYPE = YES_ERROR;
				GCC_WARN_UNDECLARED_SELECTOR = YES;
				GCC_WARN_UNINITIALIZED_AUTOS = YES_AGGRESSIVE;
				GCC_WARN_UNUSED_FUNCTION = YES;
				GCC_WARN_UNUSED_VARIABLE = YES;
				IPHONEOS_DEPLOYMENT_TARGET = 11.0;
				MTL_ENABLE_DEBUG_INFO = YES;
				ONLY_ACTIVE_ARCH = YES;
				SDKROOT = iphoneos;
				SWIFT_ACTIVE_COMPILATION_CONDITIONS = DEBUG;
				SWIFT_OPTIMIZATION_LEVEL = "-Onone";
			};
			name = Debug;
		};
		50A28B941DC8D81C00CBA5C1 /* Release */ = {
			isa = XCBuildConfiguration;
			buildSettings = {
				ALWAYS_SEARCH_USER_PATHS = NO;
				CLANG_ANALYZER_NONNULL = YES;
				CLANG_CXX_LANGUAGE_STANDARD = "gnu++0x";
				CLANG_CXX_LIBRARY = "libc++";
				CLANG_ENABLE_MODULES = YES;
				CLANG_ENABLE_OBJC_ARC = YES;
				CLANG_WARN_BLOCK_CAPTURE_AUTORELEASING = YES;
				CLANG_WARN_BOOL_CONVERSION = YES;
				CLANG_WARN_COMMA = YES;
				CLANG_WARN_CONSTANT_CONVERSION = YES;
				CLANG_WARN_DEPRECATED_OBJC_IMPLEMENTATIONS = YES;
				CLANG_WARN_DIRECT_OBJC_ISA_USAGE = YES_ERROR;
				CLANG_WARN_DOCUMENTATION_COMMENTS = YES;
				CLANG_WARN_EMPTY_BODY = YES;
				CLANG_WARN_ENUM_CONVERSION = YES;
				CLANG_WARN_INFINITE_RECURSION = YES;
				CLANG_WARN_INT_CONVERSION = YES;
				CLANG_WARN_NON_LITERAL_NULL_CONVERSION = YES;
				CLANG_WARN_OBJC_IMPLICIT_RETAIN_SELF = YES;
				CLANG_WARN_OBJC_LITERAL_CONVERSION = YES;
				CLANG_WARN_OBJC_ROOT_CLASS = YES_ERROR;
				CLANG_WARN_RANGE_LOOP_ANALYSIS = YES;
				CLANG_WARN_STRICT_PROTOTYPES = YES;
				CLANG_WARN_SUSPICIOUS_MOVE = YES;
				CLANG_WARN_SUSPICIOUS_MOVES = YES;
				CLANG_WARN_UNREACHABLE_CODE = YES;
				CLANG_WARN__DUPLICATE_METHOD_MATCH = YES;
				"CODE_SIGN_IDENTITY[sdk=iphoneos*]" = "iPhone Developer";
				COPY_PHASE_STRIP = NO;
				DEBUG_INFORMATION_FORMAT = "dwarf-with-dsym";
				ENABLE_NS_ASSERTIONS = NO;
				ENABLE_STRICT_OBJC_MSGSEND = YES;
				GCC_C_LANGUAGE_STANDARD = gnu99;
				GCC_NO_COMMON_BLOCKS = YES;
				GCC_WARN_64_TO_32_BIT_CONVERSION = YES;
				GCC_WARN_ABOUT_RETURN_TYPE = YES_ERROR;
				GCC_WARN_UNDECLARED_SELECTOR = YES;
				GCC_WARN_UNINITIALIZED_AUTOS = YES_AGGRESSIVE;
				GCC_WARN_UNUSED_FUNCTION = YES;
				GCC_WARN_UNUSED_VARIABLE = YES;
				IPHONEOS_DEPLOYMENT_TARGET = 11.0;
				MTL_ENABLE_DEBUG_INFO = NO;
				SDKROOT = iphoneos;
				SWIFT_OPTIMIZATION_LEVEL = "-Owholemodule";
				VALIDATE_PRODUCT = YES;
			};
			name = Release;
		};
		50A28B961DC8D81C00CBA5C1 /* Debug */ = {
			isa = XCBuildConfiguration;
			baseConfigurationReference = A7EB75DC1349415204B62A34 /* Pods-ACRecorderDemo.debug.xcconfig */;
			buildSettings = {
				ASSETCATALOG_COMPILER_APPICON_NAME = AppIcon;
				DEVELOPMENT_TEAM = JYB7XJPHQS;
				INFOPLIST_FILE = ACRecorderDemo/Info.plist;
				IPHONEOS_DEPLOYMENT_TARGET = 10.0;
				LD_RUNPATH_SEARCH_PATHS = "$(inherited) @executable_path/Frameworks";
				PRODUCT_BUNDLE_IDENTIFIER = me.nscoder.demo;
				PRODUCT_NAME = "$(TARGET_NAME)";
				SWIFT_SWIFT3_OBJC_INFERENCE = On;
				SWIFT_VERSION = 4.0;
			};
			name = Debug;
		};
		50A28B971DC8D81C00CBA5C1 /* Release */ = {
			isa = XCBuildConfiguration;
			baseConfigurationReference = 1CD130B8A546344630646B76 /* Pods-ACRecorderDemo.release.xcconfig */;
			buildSettings = {
				ASSETCATALOG_COMPILER_APPICON_NAME = AppIcon;
				DEVELOPMENT_TEAM = JYB7XJPHQS;
				INFOPLIST_FILE = ACRecorderDemo/Info.plist;
				IPHONEOS_DEPLOYMENT_TARGET = 10.0;
				LD_RUNPATH_SEARCH_PATHS = "$(inherited) @executable_path/Frameworks";
				PRODUCT_BUNDLE_IDENTIFIER = me.nscoder.demo;
				PRODUCT_NAME = "$(TARGET_NAME)";
				SWIFT_SWIFT3_OBJC_INFERENCE = On;
				SWIFT_VERSION = 4.0;
			};
			name = Release;
		};
/* End XCBuildConfiguration section */

/* Begin XCConfigurationList section */
		50A28B7B1DC8D81C00CBA5C1 /* Build configuration list for PBXProject "ACRecorderDemo" */ = {
			isa = XCConfigurationList;
			buildConfigurations = (
				50A28B931DC8D81C00CBA5C1 /* Debug */,
				50A28B941DC8D81C00CBA5C1 /* Release */,
			);
			defaultConfigurationIsVisible = 0;
			defaultConfigurationName = Release;
		};
		50A28B951DC8D81C00CBA5C1 /* Build configuration list for PBXNativeTarget "ACRecorderDemo" */ = {
			isa = XCConfigurationList;
			buildConfigurations = (
				50A28B961DC8D81C00CBA5C1 /* Debug */,
				50A28B971DC8D81C00CBA5C1 /* Release */,
			);
			defaultConfigurationIsVisible = 0;
			defaultConfigurationName = Release;
		};
/* End XCConfigurationList section */

/* Begin XCVersionGroup section */
		50A28B8A1DC8D81C00CBA5C1 /* ACRecorderDemo.xcdatamodeld */ = {
			isa = XCVersionGroup;
			children = (
				50A28B8B1DC8D81C00CBA5C1 /* ACRecorderDemo.xcdatamodel */,
			);
			currentVersion = 50A28B8B1DC8D81C00CBA5C1 /* ACRecorderDemo.xcdatamodel */;
			path = ACRecorderDemo.xcdatamodeld;
			sourceTree = "<group>";
			versionGroupType = wrapper.xcdatamodel;
		};
/* End XCVersionGroup section */
	};
	rootObject = 50A28B781DC8D81C00CBA5C1 /* Project object */;
}
